
Microsoft Visual Studio Solution File, Format Version 12.00
# Visual Studio Version 17
VisualStudioVersion = 17.8.34511.84
MinimumVisualStudioVersion = 10.0.40219.1
Project("{9A19103F-16F7-4668-BE54-9A1E7A4F7556}") = "UnityTest", "UnityTest\UnityTest.csproj", "{5D2F9831-41F8-4AEB-9759-89ADD895D1BA}"
EndProject
Project("{9A19103F-16F7-4668-BE54-9A1E7A4F7556}") = "TestProject1", "TestProject1\TestProject1.csproj", "{24706052-25E1-4FE7-BFB5-843C84315FCF}"
	ProjectSection(ProjectDependencies) = postProject
		{5D2F9831-41F8-4AEB-9759-89ADD895D1BA} = {5D2F9831-41F8-4AEB-9759-89ADD895D1BA}
	EndProjectSection
EndProject
Global
	GlobalSection(SolutionConfigurationPlatforms) = preSolution
		Debug|Any CPU = Debug|Any CPU
		Release|Any CPU = Release|Any CPU
	EndGlobalSection
	GlobalSection(ProjectConfigurationPlatforms) = postSolution
		{5D2F9831-41F8-4AEB-9759-89ADD895D1BA}.Debug|Any CPU.ActiveCfg = Debug|Any CPU
		{5D2F9831-41F8-4AEB-9759-89ADD895D1BA}.Debug|Any CPU.Build.0 = Debug|Any CPU
		{5D2F9831-41F8-4AEB-9759-89ADD895D1BA}.Release|Any CPU.ActiveCfg = Release|Any CPU
		{5D2F9831-41F8-4AEB-9759-89ADD895D1BA}.Release|Any CPU.Build.0 = Release|Any CPU
		{24706052-25E1-4FE7-BFB5-843C84315FCF}.Debug|Any CPU.ActiveCfg = Debug|Any CPU
		{24706052-25E1-4FE7-BFB5-843C84315FCF}.Debug|Any CPU.Build.0 = Debug|Any CPU
		{24706052-25E1-4FE7-BFB5-843C84315FCF}.Release|Any CPU.ActiveCfg = Release|Any CPU
		{24706052-25E1-4FE7-BFB5-843C84315FCF}.Release|Any CPU.Build.0 = Release|Any CPU
	EndGlobalSection
	GlobalSection(SolutionProperties) = preSolution
		HideSolutionNode = FALSE
	EndGlobalSection
	GlobalSection(ExtensibilityGlobals) = postSolution
		SolutionGuid = {E8D238FE-0CD9-4E13-BCBD-5AC16F729EE0}
	EndGlobalSection
EndGlobal
